
Microsoft Visual Studio Solution File, Format Version 12.00
# Visual Studio Version 17
VisualStudioVersion = 17.14.36221.1 d17.14
MinimumVisualStudioVersion = 10.0.40219.1
Project("{FAE04EC0-301F-11D3-BF4B-00C04F79EFBC}") = "DIPLOM", "DIPLOM\DIPLOM.csproj", "{4ACCAB10-EFBB-4D2C-B89A-3D2CD9368F14}"
EndProject
Global
	GlobalSection(SolutionConfigurationPlatforms) = preSolution
		Debug|Any CPU = Debug|Any CPU
		Release|Any CPU = Release|Any CPU
	EndGlobalSection
	GlobalSection(ProjectConfigurationPlatforms) = postSolution
		{4ACCAB10-EFBB-4D2C-B89A-3D2CD9368F14}.Debug|Any CPU.ActiveCfg = Debug|Any CPU
		{4ACCAB10-EFBB-4D2C-B89A-3D2CD9368F14}.Debug|Any CPU.Build.0 = Debug|Any CPU
		{4ACCAB10-EFBB-4D2C-B89A-3D2CD9368F14}.Release|Any CPU.ActiveCfg = Release|Any CPU
		{4ACCAB10-EFBB-4D2C-B89A-3D2CD9368F14}.Release|Any CPU.Build.0 = Release|Any CPU
	EndGlobalSection
	GlobalSection(SolutionProperties) = preSolution
		HideSolutionNode = FALSE
	EndGlobalSection
	GlobalSection(ExtensibilityGlobals) = postSolution
		SolutionGuid = {9355383E-126C-442C-9D8D-43B40DCD2A28}
	EndGlobalSection
EndGlobal
